
Microsoft Visual Studio Solution File, Format Version 12.00
Project("{FAE04EC0-301F-11D3-BF4B-00C04F79EFBC}") = "WT.Customers.Portal.Api", "WT.Customers.Portal.Api\WT.Customers.Portal.Api.csproj", "{0016CF59-5042-4A27-8170-393DE92366A2}"
EndProject
Project("{2150E333-8FDC-42A3-9474-1A3956D46DE8}") = "Modules", "Modules", "{A9DF598F-A43A-4485-9E6B-2E66FE7C79DD}"
EndProject
Project("{2150E333-8FDC-42A3-9474-1A3956D46DE8}") = "BuildingBlocks", "BuildingBlocks", "{11085017-1DD5-410D-A64C-25E6215F1E60}"
EndProject
Project("{2150E333-8FDC-42A3-9474-1A3956D46DE8}") = "Api", "Api", "{00ED6337-58BC-4902-84EF-D7AADF131987}"
EndProject
Project("{2150E333-8FDC-42A3-9474-1A3956D46DE8}") = "Booking", "Booking", "{B85C6A99-FFD2-42E4-82F5-5B23D7055C2E}"
EndProject
Project("{2150E333-8FDC-42A3-9474-1A3956D46DE8}") = "Search", "Search", "{D065E315-429A-4A87-B27C-F2CBD9163A5A}"
EndProject
Project("{2150E333-8FDC-42A3-9474-1A3956D46DE8}") = "Identity", "Identity", "{9D067126-BB88-439A-9B9F-9CDAD8C40277}"
EndProject
Project("{2150E333-8FDC-42A3-9474-1A3956D46DE8}") = "src", "src", "{0C86FD69-0032-43FB-A528-E53B24A44C11}"
EndProject
Project("{2150E333-8FDC-42A3-9474-1A3956D46DE8}") = "tests", "tests", "{1C9E5C36-46CD-4444-B254-0362CF0FE902}"
EndProject
Project("{2150E333-8FDC-42A3-9474-1A3956D46DE8}") = "src", "src", "{56CE2F60-3BAC-46B7-93E2-A7F106C14727}"
EndProject
Project("{2150E333-8FDC-42A3-9474-1A3956D46DE8}") = "tests", "tests", "{B5734F61-A462-4DF1-8537-CA629F137661}"
EndProject
Project("{2150E333-8FDC-42A3-9474-1A3956D46DE8}") = "src", "src", "{B18984C7-57FF-4D09-9618-654650ECF0BB}"
EndProject
Project("{2150E333-8FDC-42A3-9474-1A3956D46DE8}") = "tests", "tests", "{C34A0BAF-DECA-486C-9EE0-7E917C7AFC00}"
EndProject
Project("{FAE04EC0-301F-11D3-BF4B-00C04F79EFBC}") = "WT.BuildingBlocks", "WT.BuildingBlocks\WT.BuildingBlocks.csproj", "{E3E95523-B11F-4A16-B8AA-E947EDEBF9D5}"
EndProject
Global
	GlobalSection(SolutionConfigurationPlatforms) = preSolution
		Debug|Any CPU = Debug|Any CPU
		Release|Any CPU = Release|Any CPU
	EndGlobalSection
	GlobalSection(ProjectConfigurationPlatforms) = postSolution
		{0016CF59-5042-4A27-8170-393DE92366A2}.Debug|Any CPU.ActiveCfg = Debug|Any CPU
		{0016CF59-5042-4A27-8170-393DE92366A2}.Debug|Any CPU.Build.0 = Debug|Any CPU
		{0016CF59-5042-4A27-8170-393DE92366A2}.Release|Any CPU.ActiveCfg = Release|Any CPU
		{0016CF59-5042-4A27-8170-393DE92366A2}.Release|Any CPU.Build.0 = Release|Any CPU
		{E3E95523-B11F-4A16-B8AA-E947EDEBF9D5}.Debug|Any CPU.ActiveCfg = Debug|Any CPU
		{E3E95523-B11F-4A16-B8AA-E947EDEBF9D5}.Debug|Any CPU.Build.0 = Debug|Any CPU
		{E3E95523-B11F-4A16-B8AA-E947EDEBF9D5}.Release|Any CPU.ActiveCfg = Release|Any CPU
		{E3E95523-B11F-4A16-B8AA-E947EDEBF9D5}.Release|Any CPU.Build.0 = Release|Any CPU
	EndGlobalSection
	GlobalSection(NestedProjects) = preSolution
		{0016CF59-5042-4A27-8170-393DE92366A2} = {00ED6337-58BC-4902-84EF-D7AADF131987}
		{B85C6A99-FFD2-42E4-82F5-5B23D7055C2E} = {A9DF598F-A43A-4485-9E6B-2E66FE7C79DD}
		{D065E315-429A-4A87-B27C-F2CBD9163A5A} = {A9DF598F-A43A-4485-9E6B-2E66FE7C79DD}
		{9D067126-BB88-439A-9B9F-9CDAD8C40277} = {A9DF598F-A43A-4485-9E6B-2E66FE7C79DD}
		{0C86FD69-0032-43FB-A528-E53B24A44C11} = {B85C6A99-FFD2-42E4-82F5-5B23D7055C2E}
		{1C9E5C36-46CD-4444-B254-0362CF0FE902} = {B85C6A99-FFD2-42E4-82F5-5B23D7055C2E}
		{56CE2F60-3BAC-46B7-93E2-A7F106C14727} = {9D067126-BB88-439A-9B9F-9CDAD8C40277}
		{B5734F61-A462-4DF1-8537-CA629F137661} = {9D067126-BB88-439A-9B9F-9CDAD8C40277}
		{B18984C7-57FF-4D09-9618-654650ECF0BB} = {D065E315-429A-4A87-B27C-F2CBD9163A5A}
		{C34A0BAF-DECA-486C-9EE0-7E917C7AFC00} = {D065E315-429A-4A87-B27C-F2CBD9163A5A}
		{E3E95523-B11F-4A16-B8AA-E947EDEBF9D5} = {11085017-1DD5-410D-A64C-25E6215F1E60}
	EndGlobalSection
EndGlobal
